
Microsoft Visual Studio Solution File, Format Version 12.00
# Visual Studio 14
VisualStudioVersion = 14.0.23107.0
MinimumVisualStudioVersion = 10.0.40219.1
Project("{FAE04EC0-301F-11D3-BF4B-00C04F79EFBC}") = "BackpackPlanner", "BackpackPlanner\BackpackPlanner\BackpackPlanner.csproj", "{81E84F8D-A00B-4A0B-B009-2F46D60C52C1}"
EndProject
Project("{FAE04EC0-301F-11D3-BF4B-00C04F79EFBC}") = "BackpackPlanner.iOS", "BackpackPlanner\BackpackPlanner.iOS\BackpackPlanner.iOS.csproj", "{A343641E-81B1-47DE-B807-E8AB76A383CC}"
EndProject
Project("{FAE04EC0-301F-11D3-BF4B-00C04F79EFBC}") = "BackpackPlanner.Droid", "BackpackPlanner\BackpackPlanner.Droid\BackpackPlanner.Droid.csproj", "{50C56023-3509-496B-83D7-4BA91AB24B59}"
EndProject
Project("{FAE04EC0-301F-11D3-BF4B-00C04F79EFBC}") = "BackpackPlanner.WinPhone", "BackpackPlanner\BackpackPlanner.WinPhone\BackpackPlanner.WinPhone.csproj", "{958FCDBD-7A91-4C87-92C2-7229EFEF18D9}"
EndProject
Global
	GlobalSection(SolutionConfigurationPlatforms) = preSolution
		Ad-Hoc|Any CPU = Ad-Hoc|Any CPU
		Ad-Hoc|ARM = Ad-Hoc|ARM
		Ad-Hoc|iPhone = Ad-Hoc|iPhone
		Ad-Hoc|iPhoneSimulator = Ad-Hoc|iPhoneSimulator
		Ad-Hoc|x86 = Ad-Hoc|x86
		AppStore|Any CPU = AppStore|Any CPU
		AppStore|ARM = AppStore|ARM
		AppStore|iPhone = AppStore|iPhone
		AppStore|iPhoneSimulator = AppStore|iPhoneSimulator
		AppStore|x86 = AppStore|x86
		Debug|Any CPU = Debug|Any CPU
		Debug|ARM = Debug|ARM
		Debug|iPhone = Debug|iPhone
		Debug|iPhoneSimulator = Debug|iPhoneSimulator
		Debug|x86 = Debug|x86
		Release|Any CPU = Release|Any CPU
		Release|ARM = Release|ARM
		Release|iPhone = Release|iPhone
		Release|iPhoneSimulator = Release|iPhoneSimulator
		Release|x86 = Release|x86
	EndGlobalSection
	GlobalSection(ProjectConfigurationPlatforms) = postSolution
		{81E84F8D-A00B-4A0B-B009-2F46D60C52C1}.Ad-Hoc|Any CPU.ActiveCfg = Release|Any CPU
		{81E84F8D-A00B-4A0B-B009-2F46D60C52C1}.Ad-Hoc|Any CPU.Build.0 = Release|Any CPU
		{81E84F8D-A00B-4A0B-B009-2F46D60C52C1}.Ad-Hoc|ARM.ActiveCfg = Release|Any CPU
		{81E84F8D-A00B-4A0B-B009-2F46D60C52C1}.Ad-Hoc|ARM.Build.0 = Release|Any CPU
		{81E84F8D-A00B-4A0B-B009-2F46D60C52C1}.Ad-Hoc|iPhone.ActiveCfg = Release|Any CPU
		{81E84F8D-A00B-4A0B-B009-2F46D60C52C1}.Ad-Hoc|iPhone.Build.0 = Release|Any CPU
		{81E84F8D-A00B-4A0B-B009-2F46D60C52C1}.Ad-Hoc|iPhoneSimulator.ActiveCfg = Release|Any CPU
		{81E84F8D-A00B-4A0B-B009-2F46D60C52C1}.Ad-Hoc|iPhoneSimulator.Build.0 = Release|Any CPU
		{81E84F8D-A00B-4A0B-B009-2F46D60C52C1}.Ad-Hoc|x86.ActiveCfg = Release|Any CPU
		{81E84F8D-A00B-4A0B-B009-2F46D60C52C1}.Ad-Hoc|x86.Build.0 = Release|Any CPU
		{81E84F8D-A00B-4A0B-B009-2F46D60C52C1}.AppStore|Any CPU.ActiveCfg = Release|Any CPU
		{81E84F8D-A00B-4A0B-B009-2F46D60C52C1}.AppStore|Any CPU.Build.0 = Release|Any CPU
		{81E84F8D-A00B-4A0B-B009-2F46D60C52C1}.AppStore|ARM.ActiveCfg = Release|Any CPU
		{81E84F8D-A00B-4A0B-B009-2F46D60C52C1}.AppStore|ARM.Build.0 = Release|Any CPU
		{81E84F8D-A00B-4A0B-B009-2F46D60C52C1}.AppStore|iPhone.ActiveCfg = Release|Any CPU
		{81E84F8D-A00B-4A0B-B009-2F46D60C52C1}.AppStore|iPhone.Build.0 = Release|Any CPU
		{81E84F8D-A00B-4A0B-B009-2F46D60C52C1}.AppStore|iPhoneSimulator.ActiveCfg = Release|Any CPU
		{81E84F8D-A00B-4A0B-B009-2F46D60C52C1}.AppStore|iPhoneSimulator.Build.0 = Release|Any CPU
		{81E84F8D-A00B-4A0B-B009-2F46D60C52C1}.AppStore|x86.ActiveCfg = Release|Any CPU
		{81E84F8D-A00B-4A0B-B009-2F46D60C52C1}.AppStore|x86.Build.0 = Release|Any CPU
		{81E84F8D-A00B-4A0B-B009-2F46D60C52C1}.Debug|Any CPU.ActiveCfg = Debug|Any CPU
		{81E84F8D-A00B-4A0B-B009-2F46D60C52C1}.Debug|Any CPU.Build.0 = Debug|Any CPU
		{81E84F8D-A00B-4A0B-B009-2F46D60C52C1}.Debug|ARM.ActiveCfg = Debug|Any CPU
		{81E84F8D-A00B-4A0B-B009-2F46D60C52C1}.Debug|ARM.Build.0 = Debug|Any CPU
		{81E84F8D-A00B-4A0B-B009-2F46D60C52C1}.Debug|iPhone.ActiveCfg = Debug|Any CPU
		{81E84F8D-A00B-4A0B-B009-2F46D60C52C1}.Debug|iPhone.Build.0 = Debug|Any CPU
		{81E84F8D-A00B-4A0B-B009-2F46D60C52C1}.Debug|iPhoneSimulator.ActiveCfg = Debug|Any CPU
		{81E84F8D-A00B-4A0B-B009-2F46D60C52C1}.Debug|iPhoneSimulator.Build.0 = Debug|Any CPU
		{81E84F8D-A00B-4A0B-B009-2F46D60C52C1}.Debug|x86.ActiveCfg = Debug|Any CPU
		{81E84F8D-A00B-4A0B-B009-2F46D60C52C1}.Debug|x86.Build.0 = Debug|Any CPU
		{81E84F8D-A00B-4A0B-B009-2F46D60C52C1}.Release|Any CPU.ActiveCfg = Release|Any CPU
		{81E84F8D-A00B-4A0B-B009-2F46D60C52C1}.Release|Any CPU.Build.0 = Release|Any CPU
		{81E84F8D-A00B-4A0B-B009-2F46D60C52C1}.Release|ARM.ActiveCfg = Release|Any CPU
		{81E84F8D-A00B-4A0B-B009-2F46D60C52C1}.Release|ARM.Build.0 = Release|Any CPU
		{81E84F8D-A00B-4A0B-B009-2F46D60C52C1}.Release|iPhone.ActiveCfg = Release|Any CPU
		{81E84F8D-A00B-4A0B-B009-2F46D60C52C1}.Release|iPhone.Build.0 = Release|Any CPU
		{81E84F8D-A00B-4A0B-B009-2F46D60C52C1}.Release|iPhoneSimulator.ActiveCfg = Release|Any CPU
		{81E84F8D-A00B-4A0B-B009-2F46D60C52C1}.Release|iPhoneSimulator.Build.0 = Release|Any CPU
		{81E84F8D-A00B-4A0B-B009-2F46D60C52C1}.Release|x86.ActiveCfg = Release|Any CPU
		{81E84F8D-A00B-4A0B-B009-2F46D60C52C1}.Release|x86.Build.0 = Release|Any CPU
		{A343641E-81B1-47DE-B807-E8AB76A383CC}.Ad-Hoc|Any CPU.ActiveCfg = Ad-Hoc|iPhone
		{A343641E-81B1-47DE-B807-E8AB76A383CC}.Ad-Hoc|ARM.ActiveCfg = Ad-Hoc|iPhone
		{A343641E-81B1-47DE-B807-E8AB76A383CC}.Ad-Hoc|iPhone.ActiveCfg = Ad-Hoc|iPhone
		{A343641E-81B1-47DE-B807-E8AB76A383CC}.Ad-Hoc|iPhone.Build.0 = Ad-Hoc|iPhone
		{A343641E-81B1-47DE-B807-E8AB76A383CC}.Ad-Hoc|iPhoneSimulator.ActiveCfg = Ad-Hoc|iPhoneSimulator
		{A343641E-81B1-47DE-B807-E8AB76A383CC}.Ad-Hoc|iPhoneSimulator.Build.0 = Ad-Hoc|iPhoneSimulator
		{A343641E-81B1-47DE-B807-E8AB76A383CC}.Ad-Hoc|x86.ActiveCfg = Ad-Hoc|iPhone
		{A343641E-81B1-47DE-B807-E8AB76A383CC}.AppStore|Any CPU.ActiveCfg = AppStore|iPhone
		{A343641E-81B1-47DE-B807-E8AB76A383CC}.AppStore|ARM.ActiveCfg = AppStore|iPhone
		{A343641E-81B1-47DE-B807-E8AB76A383CC}.AppStore|iPhone.ActiveCfg = AppStore|iPhone
		{A343641E-81B1-47DE-B807-E8AB76A383CC}.AppStore|iPhone.Build.0 = AppStore|iPhone
		{A343641E-81B1-47DE-B807-E8AB76A383CC}.AppStore|iPhoneSimulator.ActiveCfg = AppStore|iPhoneSimulator
		{A343641E-81B1-47DE-B807-E8AB76A383CC}.AppStore|iPhoneSimulator.Build.0 = AppStore|iPhoneSimulator
		{A343641E-81B1-47DE-B807-E8AB76A383CC}.AppStore|x86.ActiveCfg = AppStore|iPhone
		{A343641E-81B1-47DE-B807-E8AB76A383CC}.Debug|Any CPU.ActiveCfg = Debug|iPhone
		{A343641E-81B1-47DE-B807-E8AB76A383CC}.Debug|ARM.ActiveCfg = Debug|iPhone
		{A343641E-81B1-47DE-B807-E8AB76A383CC}.Debug|iPhone.ActiveCfg = Debug|iPhone
		{A343641E-81B1-47DE-B807-E8AB76A383CC}.Debug|iPhone.Build.0 = Debug|iPhone
		{A343641E-81B1-47DE-B807-E8AB76A383CC}.Debug|iPhoneSimulator.ActiveCfg = Debug|iPhoneSimulator
		{A343641E-81B1-47DE-B807-E8AB76A383CC}.Debug|iPhoneSimulator.Build.0 = Debug|iPhoneSimulator
		{A343641E-81B1-47DE-B807-E8AB76A383CC}.Debug|x86.ActiveCfg = Debug|iPhone
		{A343641E-81B1-47DE-B807-E8AB76A383CC}.Release|Any CPU.ActiveCfg = Release|iPhone
		{A343641E-81B1-47DE-B807-E8AB76A383CC}.Release|ARM.ActiveCfg = Release|iPhone
		{A343641E-81B1-47DE-B807-E8AB76A383CC}.Release|iPhone.ActiveCfg = Release|iPhone
		{A343641E-81B1-47DE-B807-E8AB76A383CC}.Release|iPhone.Build.0 = Release|iPhone
		{A343641E-81B1-47DE-B807-E8AB76A383CC}.Release|iPhoneSimulator.ActiveCfg = Release|iPhoneSimulator
		{A343641E-81B1-47DE-B807-E8AB76A383CC}.Release|iPhoneSimulator.Build.0 = Release|iPhoneSimulator
		{A343641E-81B1-47DE-B807-E8AB76A383CC}.Release|x86.ActiveCfg = Release|iPhone
		{50C56023-3509-496B-83D7-4BA91AB24B59}.Ad-Hoc|Any CPU.ActiveCfg = Release|Any CPU
		{50C56023-3509-496B-83D7-4BA91AB24B59}.Ad-Hoc|Any CPU.Build.0 = Release|Any CPU
		{50C56023-3509-496B-83D7-4BA91AB24B59}.Ad-Hoc|Any CPU.Deploy.0 = Release|Any CPU
		{50C56023-3509-496B-83D7-4BA91AB24B59}.Ad-Hoc|ARM.ActiveCfg = Release|Any CPU
		{50C56023-3509-496B-83D7-4BA91AB24B59}.Ad-Hoc|ARM.Build.0 = Release|Any CPU
		{50C56023-3509-496B-83D7-4BA91AB24B59}.Ad-Hoc|ARM.Deploy.0 = Release|Any CPU
		{50C56023-3509-496B-83D7-4BA91AB24B59}.Ad-Hoc|iPhone.ActiveCfg = Release|Any CPU
		{50C56023-3509-496B-83D7-4BA91AB24B59}.Ad-Hoc|iPhone.Build.0 = Release|Any CPU
		{50C56023-3509-496B-83D7-4BA91AB24B59}.Ad-Hoc|iPhone.Deploy.0 = Release|Any CPU
		{50C56023-3509-496B-83D7-4BA91AB24B59}.Ad-Hoc|iPhoneSimulator.ActiveCfg = Release|Any CPU
		{50C56023-3509-496B-83D7-4BA91AB24B59}.Ad-Hoc|iPhoneSimulator.Build.0 = Release|Any CPU
		{50C56023-3509-496B-83D7-4BA91AB24B59}.Ad-Hoc|iPhoneSimulator.Deploy.0 = Release|Any CPU
		{50C56023-3509-496B-83D7-4BA91AB24B59}.Ad-Hoc|x86.ActiveCfg = Release|Any CPU
		{50C56023-3509-496B-83D7-4BA91AB24B59}.Ad-Hoc|x86.Build.0 = Release|Any CPU
		{50C56023-3509-496B-83D7-4BA91AB24B59}.Ad-Hoc|x86.Deploy.0 = Release|Any CPU
		{50C56023-3509-496B-83D7-4BA91AB24B59}.AppStore|Any CPU.ActiveCfg = Release|Any CPU
		{50C56023-3509-496B-83D7-4BA91AB24B59}.AppStore|Any CPU.Build.0 = Release|Any CPU
		{50C56023-3509-496B-83D7-4BA91AB24B59}.AppStore|Any CPU.Deploy.0 = Release|Any CPU
		{50C56023-3509-496B-83D7-4BA91AB24B59}.AppStore|ARM.ActiveCfg = Release|Any CPU
		{50C56023-3509-496B-83D7-4BA91AB24B59}.AppStore|ARM.Build.0 = Release|Any CPU
		{50C56023-3509-496B-83D7-4BA91AB24B59}.AppStore|ARM.Deploy.0 = Release|Any CPU
		{50C56023-3509-496B-83D7-4BA91AB24B59}.AppStore|iPhone.ActiveCfg = Release|Any CPU
		{50C56023-3509-496B-83D7-4BA91AB24B59}.AppStore|iPhone.Build.0 = Release|Any CPU
		{50C56023-3509-496B-83D7-4BA91AB24B59}.AppStore|iPhone.Deploy.0 = Release|Any CPU
		{50C56023-3509-496B-83D7-4BA91AB24B59}.AppStore|iPhoneSimulator.ActiveCfg = Release|Any CPU
		{50C56023-3509-496B-83D7-4BA91AB24B59}.AppStore|iPhoneSimulator.Build.0 = Release|Any CPU
		{50C56023-3509-496B-83D7-4BA91AB24B59}.AppStore|iPhoneSimulator.Deploy.0 = Release|Any CPU
		{50C56023-3509-496B-83D7-4BA91AB24B59}.AppStore|x86.ActiveCfg = Release|Any CPU
		{50C56023-3509-496B-83D7-4BA91AB24B59}.AppStore|x86.Build.0 = Release|Any CPU
		{50C56023-3509-496B-83D7-4BA91AB24B59}.AppStore|x86.Deploy.0 = Release|Any CPU
		{50C56023-3509-496B-83D7-4BA91AB24B59}.Debug|Any CPU.ActiveCfg = Debug|Any CPU
		{50C56023-3509-496B-83D7-4BA91AB24B59}.Debug|Any CPU.Build.0 = Debug|Any CPU
		{50C56023-3509-496B-83D7-4BA91AB24B59}.Debug|Any CPU.Deploy.0 = Debug|Any CPU
		{50C56023-3509-496B-83D7-4BA91AB24B59}.Debug|ARM.ActiveCfg = Debug|Any CPU
		{50C56023-3509-496B-83D7-4BA91AB24B59}.Debug|ARM.Build.0 = Debug|Any CPU
		{50C56023-3509-496B-83D7-4BA91AB24B59}.Debug|ARM.Deploy.0 = Debug|Any CPU
		{50C56023-3509-496B-83D7-4BA91AB24B59}.Debug|iPhone.ActiveCfg = Debug|Any CPU
		{50C56023-3509-496B-83D7-4BA91AB24B59}.Debug|iPhone.Build.0 = Debug|Any CPU
		{50C56023-3509-496B-83D7-4BA91AB24B59}.Debug|iPhone.Deploy.0 = Debug|Any CPU
		{50C56023-3509-496B-83D7-4BA91AB24B59}.Debug|iPhoneSimulator.ActiveCfg = Debug|Any CPU
		{50C56023-3509-496B-83D7-4BA91AB24B59}.Debug|iPhoneSimulator.Build.0 = Debug|Any CPU
		{50C56023-3509-496B-83D7-4BA91AB24B59}.Debug|iPhoneSimulator.Deploy.0 = Debug|Any CPU
		{50C56023-3509-496B-83D7-4BA91AB24B59}.Debug|x86.ActiveCfg = Debug|Any CPU
		{50C56023-3509-496B-83D7-4BA91AB24B59}.Debug|x86.Build.0 = Debug|Any CPU
		{50C56023-3509-496B-83D7-4BA91AB24B59}.Debug|x86.Deploy.0 = Debug|Any CPU
		{50C56023-3509-496B-83D7-4BA91AB24B59}.Release|Any CPU.ActiveCfg = Release|Any CPU
		{50C56023-3509-496B-83D7-4BA91AB24B59}.Release|Any CPU.Build.0 = Release|Any CPU
		{50C56023-3509-496B-83D7-4BA91AB24B59}.Release|Any CPU.Deploy.0 = Release|Any CPU
		{50C56023-3509-496B-83D7-4BA91AB24B59}.Release|ARM.ActiveCfg = Release|Any CPU
		{50C56023-3509-496B-83D7-4BA91AB24B59}.Release|ARM.Build.0 = Release|Any CPU
		{50C56023-3509-496B-83D7-4BA91AB24B59}.Release|ARM.Deploy.0 = Release|Any CPU
		{50C56023-3509-496B-83D7-4BA91AB24B59}.Release|iPhone.ActiveCfg = Release|Any CPU
		{50C56023-3509-496B-83D7-4BA91AB24B59}.Release|iPhone.Build.0 = Release|Any CPU
		{50C56023-3509-496B-83D7-4BA91AB24B59}.Release|iPhone.Deploy.0 = Release|Any CPU
		{50C56023-3509-496B-83D7-4BA91AB24B59}.Release|iPhoneSimulator.ActiveCfg = Release|Any CPU
		{50C56023-3509-496B-83D7-4BA91AB24B59}.Release|iPhoneSimulator.Build.0 = Release|Any CPU
		{50C56023-3509-496B-83D7-4BA91AB24B59}.Release|iPhoneSimulator.Deploy.0 = Release|Any CPU
		{50C56023-3509-496B-83D7-4BA91AB24B59}.Release|x86.ActiveCfg = Release|Any CPU
		{50C56023-3509-496B-83D7-4BA91AB24B59}.Release|x86.Build.0 = Release|Any CPU
		{50C56023-3509-496B-83D7-4BA91AB24B59}.Release|x86.Deploy.0 = Release|Any CPU
		{958FCDBD-7A91-4C87-92C2-7229EFEF18D9}.Ad-Hoc|Any CPU.ActiveCfg = Release|Any CPU
		{958FCDBD-7A91-4C87-92C2-7229EFEF18D9}.Ad-Hoc|Any CPU.Build.0 = Release|Any CPU
		{958FCDBD-7A91-4C87-92C2-7229EFEF18D9}.Ad-Hoc|Any CPU.Deploy.0 = Release|Any CPU
		{958FCDBD-7A91-4C87-92C2-7229EFEF18D9}.Ad-Hoc|ARM.ActiveCfg = Release|ARM
		{958FCDBD-7A91-4C87-92C2-7229EFEF18D9}.Ad-Hoc|ARM.Build.0 = Release|ARM
		{958FCDBD-7A91-4C87-92C2-7229EFEF18D9}.Ad-Hoc|ARM.Deploy.0 = Release|ARM
		{958FCDBD-7A91-4C87-92C2-7229EFEF18D9}.Ad-Hoc|iPhone.ActiveCfg = Release|Any CPU
		{958FCDBD-7A91-4C87-92C2-7229EFEF18D9}.Ad-Hoc|iPhone.Build.0 = Release|Any CPU
		{958FCDBD-7A91-4C87-92C2-7229EFEF18D9}.Ad-Hoc|iPhone.Deploy.0 = Release|Any CPU
		{958FCDBD-7A91-4C87-92C2-7229EFEF18D9}.Ad-Hoc|iPhoneSimulator.ActiveCfg = Release|Any CPU
		{958FCDBD-7A91-4C87-92C2-7229EFEF18D9}.Ad-Hoc|iPhoneSimulator.Build.0 = Release|Any CPU
		{958FCDBD-7A91-4C87-92C2-7229EFEF18D9}.Ad-Hoc|iPhoneSimulator.Deploy.0 = Release|Any CPU
		{958FCDBD-7A91-4C87-92C2-7229EFEF18D9}.Ad-Hoc|x86.ActiveCfg = Release|x86
		{958FCDBD-7A91-4C87-92C2-7229EFEF18D9}.Ad-Hoc|x86.Build.0 = Release|x86
		{958FCDBD-7A91-4C87-92C2-7229EFEF18D9}.Ad-Hoc|x86.Deploy.0 = Release|x86
		{958FCDBD-7A91-4C87-92C2-7229EFEF18D9}.AppStore|Any CPU.ActiveCfg = Release|Any CPU
		{958FCDBD-7A91-4C87-92C2-7229EFEF18D9}.AppStore|Any CPU.Build.0 = Release|Any CPU
		{958FCDBD-7A91-4C87-92C2-7229EFEF18D9}.AppStore|Any CPU.Deploy.0 = Release|Any CPU
		{958FCDBD-7A91-4C87-92C2-7229EFEF18D9}.AppStore|ARM.ActiveCfg = Release|ARM
		{958FCDBD-7A91-4C87-92C2-7229EFEF18D9}.AppStore|ARM.Build.0 = Release|ARM
		{958FCDBD-7A91-4C87-92C2-7229EFEF18D9}.AppStore|ARM.Deploy.0 = Release|ARM
		{958FCDBD-7A91-4C87-92C2-7229EFEF18D9}.AppStore|iPhone.ActiveCfg = Release|Any CPU
		{958FCDBD-7A91-4C87-92C2-7229EFEF18D9}.AppStore|iPhone.Build.0 = Release|Any CPU
		{958FCDBD-7A91-4C87-92C2-7229EFEF18D9}.AppStore|iPhone.Deploy.0 = Release|Any CPU
		{958FCDBD-7A91-4C87-92C2-7229EFEF18D9}.AppStore|iPhoneSimulator.ActiveCfg = Release|Any CPU
		{958FCDBD-7A91-4C87-92C2-7229EFEF18D9}.AppStore|iPhoneSimulator.Build.0 = Release|Any CPU
		{958FCDBD-7A91-4C87-92C2-7229EFEF18D9}.AppStore|iPhoneSimulator.Deploy.0 = Release|Any CPU
		{958FCDBD-7A91-4C87-92C2-7229EFEF18D9}.AppStore|x86.ActiveCfg = Release|x86
		{958FCDBD-7A91-4C87-92C2-7229EFEF18D9}.AppStore|x86.Build.0 = Release|x86
		{958FCDBD-7A91-4C87-92C2-7229EFEF18D9}.AppStore|x86.Deploy.0 = Release|x86
		{958FCDBD-7A91-4C87-92C2-7229EFEF18D9}.Debug|Any CPU.ActiveCfg = Debug|Any CPU
		{958FCDBD-7A91-4C87-92C2-7229EFEF18D9}.Debug|Any CPU.Build.0 = Debug|Any CPU
		{958FCDBD-7A91-4C87-92C2-7229EFEF18D9}.Debug|Any CPU.Deploy.0 = Debug|Any CPU
		{958FCDBD-7A91-4C87-92C2-7229EFEF18D9}.Debug|ARM.ActiveCfg = Debug|ARM
		{958FCDBD-7A91-4C87-92C2-7229EFEF18D9}.Debug|ARM.Build.0 = Debug|ARM
		{958FCDBD-7A91-4C87-92C2-7229EFEF18D9}.Debug|ARM.Deploy.0 = Debug|ARM
		{958FCDBD-7A91-4C87-92C2-7229EFEF18D9}.Debug|iPhone.ActiveCfg = Debug|Any CPU
		{958FCDBD-7A91-4C87-92C2-7229EFEF18D9}.Debug|iPhone.Build.0 = Debug|Any CPU
		{958FCDBD-7A91-4C87-92C2-7229EFEF18D9}.Debug|iPhone.Deploy.0 = Debug|Any CPU
		{958FCDBD-7A91-4C87-92C2-7229EFEF18D9}.Debug|iPhoneSimulator.ActiveCfg = Debug|Any CPU
		{958FCDBD-7A91-4C87-92C2-7229EFEF18D9}.Debug|iPhoneSimulator.Build.0 = Debug|Any CPU
		{958FCDBD-7A91-4C87-92C2-7229EFEF18D9}.Debug|iPhoneSimulator.Deploy.0 = Debug|Any CPU
		{958FCDBD-7A91-4C87-92C2-7229EFEF18D9}.Debug|x86.ActiveCfg = Debug|x86
		{958FCDBD-7A91-4C87-92C2-7229EFEF18D9}.Debug|x86.Build.0 = Debug|x86
		{958FCDBD-7A91-4C87-92C2-7229EFEF18D9}.Debug|x86.Deploy.0 = Debug|x86
		{958FCDBD-7A91-4C87-92C2-7229EFEF18D9}.Release|Any CPU.ActiveCfg = Release|Any CPU
		{958FCDBD-7A91-4C87-92C2-7229EFEF18D9}.Release|Any CPU.Build.0 = Release|Any CPU
		{958FCDBD-7A91-4C87-92C2-7229EFEF18D9}.Release|Any CPU.Deploy.0 = Release|Any CPU
		{958FCDBD-7A91-4C87-92C2-7229EFEF18D9}.Release|ARM.ActiveCfg = Release|ARM
		{958FCDBD-7A91-4C87-92C2-7229EFEF18D9}.Release|ARM.Build.0 = Release|ARM
		{958FCDBD-7A91-4C87-92C2-7229EFEF18D9}.Release|ARM.Deploy.0 = Release|ARM
		{958FCDBD-7A91-4C87-92C2-7229EFEF18D9}.Release|iPhone.ActiveCfg = Release|Any CPU
		{958FCDBD-7A91-4C87-92C2-7229EFEF18D9}.Release|iPhone.Build.0 = Release|Any CPU
		{958FCDBD-7A91-4C87-92C2-7229EFEF18D9}.Release|iPhone.Deploy.0 = Release|Any CPU
		{958FCDBD-7A91-4C87-92C2-7229EFEF18D9}.Release|iPhoneSimulator.ActiveCfg = Release|Any CPU
		{958FCDBD-7A91-4C87-92C2-7229EFEF18D9}.Release|iPhoneSimulator.Build.0 = Release|Any CPU
		{958FCDBD-7A91-4C87-92C2-7229EFEF18D9}.Release|iPhoneSimulator.Deploy.0 = Release|Any CPU
		{958FCDBD-7A91-4C87-92C2-7229EFEF18D9}.Release|x86.ActiveCfg = Release|x86
		{958FCDBD-7A91-4C87-92C2-7229EFEF18D9}.Release|x86.Build.0 = Release|x86
		{958FCDBD-7A91-4C87-92C2-7229EFEF18D9}.Release|x86.Deploy.0 = Release|x86
	EndGlobalSection
	GlobalSection(SolutionProperties) = preSolution
		HideSolutionNode = FALSE
	EndGlobalSection
EndGlobal
